// !$*UTF8*$!
{
	archiveVersion = 1;
	classes = {
	};
	objectVersion = 50;
	objects = {

/* Begin PBXBuildFile section */
		960EAD1A227150870093109D /* AppDelegate.swift in Sources */ = {isa = PBXBuildFile; fileRef = 960EAD19227150870093109D /* AppDelegate.swift */; };
		960EAD1F227150870093109D /* Main.storyboard in Resources */ = {isa = PBXBuildFile; fileRef = 960EAD1D227150870093109D /* Main.storyboard */; };
		960EAD21227150890093109D /* Assets.xcassets in Resources */ = {isa = PBXBuildFile; fileRef = 960EAD20227150890093109D /* Assets.xcassets */; };
		960EAD24227150890093109D /* LaunchScreen.storyboard in Resources */ = {isa = PBXBuildFile; fileRef = 960EAD22227150890093109D /* LaunchScreen.storyboard */; };
		960EAD2E227150DC0093109D /* APIservice.swift in Sources */ = {isa = PBXBuildFile; fileRef = 960EAD2D227150DC0093109D /* APIservice.swift */; };
		960EAD30227A4B4A0093109D /* TestRequestViewController.swift in Sources */ = {isa = PBXBuildFile; fileRef = 960EAD2F227A4B4A0093109D /* TestRequestViewController.swift */; };
		E60E3BF11A602D1442457361 /* Pods_IngredientsToRecipe.framework in Frameworks */ = {isa = PBXBuildFile; fileRef = 21B01B600BCE592E3535C4AD /* Pods_IngredientsToRecipe.framework */; };
/* End PBXBuildFile section */

/* Begin PBXFileReference section */
		1DE6DE84509383CCB366B747 /* Pods-IngredientsToRecipe.debug.xcconfig */ = {isa = PBXFileReference; includeInIndex = 1; lastKnownFileType = text.xcconfig; name = "Pods-IngredientsToRecipe.debug.xcconfig"; path = "Target Support Files/Pods-IngredientsToRecipe/Pods-IngredientsToRecipe.debug.xcconfig"; sourceTree = "<group>"; };
		21B01B600BCE592E3535C4AD /* Pods_IngredientsToRecipe.framework */ = {isa = PBXFileReference; explicitFileType = wrapper.framework; includeInIndex = 0; path = Pods_IngredientsToRecipe.framework; sourceTree = BUILT_PRODUCTS_DIR; };
		2664F380B2CDDE2F57B85344 /* Pods-IngredientsToRecipe.release.xcconfig */ = {isa = PBXFileReference; includeInIndex = 1; lastKnownFileType = text.xcconfig; name = "Pods-IngredientsToRecipe.release.xcconfig"; path = "Target Support Files/Pods-IngredientsToRecipe/Pods-IngredientsToRecipe.release.xcconfig"; sourceTree = "<group>"; };
		960EAD16227150870093109D /* IngredientsToRecipe.app */ = {isa = PBXFileReference; explicitFileType = wrapper.application; includeInIndex = 0; path = IngredientsToRecipe.app; sourceTree = BUILT_PRODUCTS_DIR; };
		960EAD19227150870093109D /* AppDelegate.swift */ = {isa = PBXFileReference; lastKnownFileType = sourcecode.swift; path = AppDelegate.swift; sourceTree = "<group>"; };
		960EAD1E227150870093109D /* Base */ = {isa = PBXFileReference; lastKnownFileType = file.storyboard; name = Base; path = Base.lproj/Main.storyboard; sourceTree = "<group>"; };
		960EAD20227150890093109D /* Assets.xcassets */ = {isa = PBXFileReference; lastKnownFileType = folder.assetcatalog; path = Assets.xcassets; sourceTree = "<group>"; };
		960EAD23227150890093109D /* Base */ = {isa = PBXFileReference; lastKnownFileType = file.storyboard; name = Base; path = Base.lproj/LaunchScreen.storyboard; sourceTree = "<group>"; };
		960EAD25227150890093109D /* Info.plist */ = {isa = PBXFileReference; lastKnownFileType = text.plist.xml; path = Info.plist; sourceTree = "<group>"; };
		960EAD2D227150DC0093109D /* APIservice.swift */ = {isa = PBXFileReference; lastKnownFileType = sourcecode.swift; path = APIservice.swift; sourceTree = "<group>"; };
		960EAD2F227A4B4A0093109D /* TestRequestViewController.swift */ = {isa = PBXFileReference; lastKnownFileType = sourcecode.swift; path = TestRequestViewController.swift; sourceTree = "<group>"; };
/* End PBXFileReference section */

/* Begin PBXFrameworksBuildPhase section */
		960EAD13227150870093109D /* Frameworks */ = {
			isa = PBXFrameworksBuildPhase;
			buildActionMask = 2147483647;
			files = (
				E60E3BF11A602D1442457361 /* Pods_IngredientsToRecipe.framework in Frameworks */,
			);
			runOnlyForDeploymentPostprocessing = 0;
		};
/* End PBXFrameworksBuildPhase section */

/* Begin PBXGroup section */
		2F155B297F4BA82F08D0616A /* Pods */ = {
			isa = PBXGroup;
			children = (
				1DE6DE84509383CCB366B747 /* Pods-IngredientsToRecipe.debug.xcconfig */,
				2664F380B2CDDE2F57B85344 /* Pods-IngredientsToRecipe.release.xcconfig */,
			);
			path = Pods;
			sourceTree = "<group>";
		};
		960EAD0D227150870093109D = {
			isa = PBXGroup;
			children = (
				960EAD18227150870093109D /* IngredientsToRecipe */,
				960EAD17227150870093109D /* Products */,
				2F155B297F4BA82F08D0616A /* Pods */,
				96430D0BBFC141C6FF94360C /* Frameworks */,
			);
			sourceTree = "<group>";
		};
		960EAD17227150870093109D /* Products */ = {
			isa = PBXGroup;
			children = (
				960EAD16227150870093109D /* IngredientsToRecipe.app */,
			);
			name = Products;
			sourceTree = "<group>";
		};
		960EAD18227150870093109D /* IngredientsToRecipe */ = {
			isa = PBXGroup;
			children = (
				960EAD19227150870093109D /* AppDelegate.swift */,
				960EAD1D227150870093109D /* Main.storyboard */,
				960EAD20227150890093109D /* Assets.xcassets */,
				960EAD22227150890093109D /* LaunchScreen.storyboard */,
				960EAD25227150890093109D /* Info.plist */,
				960EAD2D227150DC0093109D /* APIservice.swift */,
				960EAD2F227A4B4A0093109D /* TestRequestViewController.swift */,
			);
			path = IngredientsToRecipe;
			sourceTree = "<group>";
		};
		96430D0BBFC141C6FF94360C /* Frameworks */ = {
			isa = PBXGroup;
			children = (
				21B01B600BCE592E3535C4AD /* Pods_IngredientsToRecipe.framework */,
			);
			name = Frameworks;
			sourceTree = "<group>";
		};
/* End PBXGroup section */

/* Begin PBXNativeTarget section */
		960EAD15227150870093109D /* IngredientsToRecipe */ = {
			isa = PBXNativeTarget;
			buildConfigurationList = 960EAD28227150890093109D /* Build configuration list for PBXNativeTarget "IngredientsToRecipe" */;
			buildPhases = (
				4B219D5114C6A5DBBC760484 /* [CP] Check Pods Manifest.lock */,
				960EAD12227150870093109D /* Sources */,
				960EAD13227150870093109D /* Frameworks */,
				960EAD14227150870093109D /* Resources */,
				09E028401F81F46FEA2012E1 /* [CP] Embed Pods Frameworks */,
			);
			buildRules = (
			);
			dependencies = (
			);
			name = IngredientsToRecipe;
			productName = IngredientsToRecipe;
			productReference = 960EAD16227150870093109D /* IngredientsToRecipe.app */;
			productType = "com.apple.product-type.application";
		};
/* End PBXNativeTarget section */

/* Begin PBXProject section */
		960EAD0E227150870093109D /* Project object */ = {
			isa = PBXProject;
			attributes = {
				LastSwiftUpdateCheck = 1020;
				LastUpgradeCheck = 1020;
				ORGANIZATIONNAME = "Thomas James Stuart";
				TargetAttributes = {
					960EAD15227150870093109D = {
						CreatedOnToolsVersion = 10.2;
					};
				};
			};
			buildConfigurationList = 960EAD11227150870093109D /* Build configuration list for PBXProject "IngredientsToRecipe" */;
			compatibilityVersion = "Xcode 9.3";
			developmentRegion = en;
			hasScannedForEncodings = 0;
			knownRegions = (
				en,
				Base,
			);
			mainGroup = 960EAD0D227150870093109D;
			productRefGroup = 960EAD17227150870093109D /* Products */;
			projectDirPath = "";
			projectRoot = "";
			targets = (
				960EAD15227150870093109D /* IngredientsToRecipe */,
			);
		};
/* End PBXProject section */

/* Begin PBXResourcesBuildPhase section */
		960EAD14227150870093109D /* Resources */ = {
			isa = PBXResourcesBuildPhase;
			buildActionMask = 2147483647;
			files = (
				960EAD24227150890093109D /* LaunchScreen.storyboard in Resources */,
				960EAD21227150890093109D /* Assets.xcassets in Resources */,
				960EAD1F227150870093109D /* Main.storyboard in Resources */,
			);
			runOnlyForDeploymentPostprocessing = 0;
		};
/* End PBXResourcesBuildPhase section */

/* Begin PBXShellScriptBuildPhase section */
		09E028401F81F46FEA2012E1 /* [CP] Embed Pods Frameworks */ = {
			isa = PBXShellScriptBuildPhase;
			buildActionMask = 2147483647;
			files = (
			);
			inputFileListPaths = (
			);
			inputPaths = (
				"${PODS_ROOT}/Target Support Files/Pods-IngredientsToRecipe/Pods-IngredientsToRecipe-frameworks.sh",
				"${BUILT_PRODUCTS_DIR}/Alamofire/Alamofire.framework",
				"${BUILT_PRODUCTS_DIR}/AlamofireImage/AlamofireImage.framework",
			);
			name = "[CP] Embed Pods Frameworks";
			outputFileListPaths = (
			);
			outputPaths = (
				"${TARGET_BUILD_DIR}/${FRAMEWORKS_FOLDER_PATH}/Alamofire.framework",
				"${TARGET_BUILD_DIR}/${FRAMEWORKS_FOLDER_PATH}/AlamofireImage.framework",
			);
			runOnlyForDeploymentPostprocessing = 0;
			shellPath = /bin/sh;
			shellScript = "\"${PODS_ROOT}/Target Support Files/Pods-IngredientsToRecipe/Pods-IngredientsToRecipe-frameworks.sh\"\n";
			showEnvVarsInLog = 0;
		};
		4B219D5114C6A5DBBC760484 /* [CP] Check Pods Manifest.lock */ = {
			isa = PBXShellScriptBuildPhase;
			buildActionMask = 2147483647;
			files = (
			);
			inputFileListPaths = (
			);
			inputPaths = (
				"${PODS_PODFILE_DIR_PATH}/Podfile.lock",
				"${PODS_ROOT}/Manifest.lock",
			);
			name = "[CP] Check Pods Manifest.lock";
			outputFileListPaths = (
			);
			outputPaths = (
				"$(DERIVED_FILE_DIR)/Pods-IngredientsToRecipe-checkManifestLockResult.txt",
			);
			runOnlyForDeploymentPostprocessing = 0;
			shellPath = /bin/sh;
			shellScript = "diff \"${PODS_PODFILE_DIR_PATH}/Podfile.lock\" \"${PODS_ROOT}/Manifest.lock\" > /dev/null\nif [ $? != 0 ] ; then\n    # print error to STDERR\n    echo \"error: The sandbox is not in sync with the Podfile.lock. Run 'pod install' or update your CocoaPods installation.\" >&2\n    exit 1\nfi\n# This output is used by Xcode 'outputs' to avoid re-running this script phase.\necho \"SUCCESS\" > \"${SCRIPT_OUTPUT_FILE_0}\"\n";
			showEnvVarsInLog = 0;
		};
/* End PBXShellScriptBuildPhase section */

/* Begin PBXSourcesBuildPhase section */
		960EAD12227150870093109D /* Sources */ = {
			isa = PBXSourcesBuildPhase;
			buildActionMask = 2147483647;
			files = (
				960EAD30227A4B4A0093109D /* TestRequestViewController.swift in Sources */,
				960EAD2E227150DC0093109D /* APIservice.swift in Sources */,
				960EAD1A227150870093109D /* AppDelegate.swift in Sources */,
			);
			runOnlyForDeploymentPostprocessing = 0;
		};
/* End PBXSourcesBuildPhase section */

/* Begin PBXVariantGroup section */
		960EAD1D227150870093109D /* Main.storyboard */ = {
			isa = PBXVariantGroup;
			children = (
				960EAD1E227150870093109D /* Base */,
			);
			name = Main.storyboard;
			sourceTree = "<group>";
		};
		960EAD22227150890093109D /* LaunchScreen.storyboard */ = {
			isa = PBXVariantGroup;
			children = (
				960EAD23227150890093109D /* Base */,
			);
			name = LaunchScreen.storyboard;
			sourceTree = "<group>";
		};
/* End PBXVariantGroup section */

/* Begin XCBuildConfiguration section */
		960EAD26227150890093109D /* Debug */ = {
			isa = XCBuildConfiguration;
			buildSettings = {
				ALWAYS_SEARCH_USER_PATHS = NO;
				CLANG_ANALYZER_NONNULL = YES;
				CLANG_ANALYZER_NUMBER_OBJECT_CONVERSION = YES_AGGRESSIVE;
				CLANG_CXX_LANGUAGE_STANDARD = "gnu++14";
				CLANG_CXX_LIBRARY = "libc++";
				CLANG_ENABLE_MODULES = YES;
				CLANG_ENABLE_OBJC_ARC = YES;
				CLANG_ENABLE_OBJC_WEAK = YES;
				CLANG_WARN_BLOCK_CAPTURE_AUTORELEASING = YES;
				CLANG_WARN_BOOL_CONVERSION = YES;
				CLANG_WARN_COMMA = YES;
				CLANG_WARN_CONSTANT_CONVERSION = YES;
				CLANG_WARN_DEPRECATED_OBJC_IMPLEMENTATIONS = YES;
				CLANG_WARN_DIRECT_OBJC_ISA_USAGE = YES_ERROR;
				CLANG_WARN_DOCUMENTATION_COMMENTS = YES;
				CLANG_WARN_EMPTY_BODY = YES;
				CLANG_WARN_ENUM_CONVERSION = YES;
				CLANG_WARN_INFINITE_RECURSION = YES;
				CLANG_WARN_INT_CONVERSION = YES;
				CLANG_WARN_NON_LITERAL_NULL_CONVERSION = YES;
				CLANG_WARN_OBJC_IMPLICIT_RETAIN_SELF = YES;
				CLANG_WARN_OBJC_LITERAL_CONVERSION = YES;
				CLANG_WARN_OBJC_ROOT_CLASS = YES_ERROR;
				CLANG_WARN_RANGE_LOOP_ANALYSIS = YES;
				CLANG_WARN_STRICT_PROTOTYPES = YES;
				CLANG_WARN_SUSPICIOUS_MOVE = YES;
				CLANG_WARN_UNGUARDED_AVAILABILITY = YES_AGGRESSIVE;
				CLANG_WARN_UNREACHABLE_CODE = YES;
				CLANG_WARN__DUPLICATE_METHOD_MATCH = YES;
				CODE_SIGN_IDENTITY = "iPhone Developer";
				COPY_PHASE_STRIP = NO;
				DEBUG_INFORMATION_FORMAT = dwarf;
				ENABLE_STRICT_OBJC_MSGSEND = YES;
				ENABLE_TESTABILITY = YES;
				GCC_C_LANGUAGE_STANDARD = gnu11;
				GCC_DYNAMIC_NO_PIC = NO;
				GCC_NO_COMMON_BLOCKS = YES;
				GCC_OPTIMIZATION_LEVEL = 0;
				GCC_PREPROCESSOR_DEFINITIONS = (
					"DEBUG=1",
					"$(inherited)",
				);
				GCC_WARN_64_TO_32_BIT_CONVERSION = YES;
				GCC_WARN_ABOUT_RETURN_TYPE = YES_ERROR;
				GCC_WARN_UNDECLARED_SELECTOR = YES;
				GCC_WARN_UNINITIALIZED_AUTOS = YES_AGGRESSIVE;
				GCC_WARN_UNUSED_FUNCTION = YES;
				GCC_WARN_UNUSED_VARIABLE = YES;
				IPHONEOS_DEPLOYMENT_TARGET = 12.2;
				MTL_ENABLE_DEBUG_INFO = INCLUDE_SOURCE;
				MTL_FAST_MATH = YES;
				ONLY_ACTIVE_ARCH = YES;
				SDKROOT = iphoneos;
				SWIFT_ACTIVE_COMPILATION_CONDITIONS = DEBUG;
				SWIFT_OPTIMIZATION_LEVEL = "-Onone";
			};
			name = Debug;
		};
		960EAD27227150890093109D /* Release */ = {
			isa = XCBuildConfiguration;
			buildSettings = {
				ALWAYS_SEARCH_USER_PATHS = NO;
				CLANG_ANALYZER_NONNULL = YES;
				CLANG_ANALYZER_NUMBER_OBJECT_CONVERSION = YES_AGGRESSIVE;
				CLANG_CXX_LANGUAGE_STANDARD = "gnu++14";
				CLANG_CXX_LIBRARY = "libc++";
				CLANG_ENABLE_MODULES = YES;
				CLANG_ENABLE_OBJC_ARC = YES;
				CLANG_ENABLE_OBJC_WEAK = YES;
				CLANG_WARN_BLOCK_CAPTURE_AUTORELEASING = YES;
				CLANG_WARN_BOOL_CONVERSION = YES;
				CLANG_WARN_COMMA = YES;
				CLANG_WARN_CONSTANT_CONVERSION = YES;
				CLANG_WARN_DEPRECATED_OBJC_IMPLEMENTATIONS = YES;
				CLANG_WARN_DIRECT_OBJC_ISA_USAGE = YES_ERROR;
				CLANG_WARN_DOCUMENTATION_COMMENTS = YES;
				CLANG_WARN_EMPTY_BODY = YES;
				CLANG_WARN_ENUM_CONVERSION = YES;
				CLANG_WARN_INFINITE_RECURSION = YES;
				CLANG_WARN_INT_CONVERSION = YES;
				CLANG_WARN_NON_LITERAL_NULL_CONVERSION = YES;
				CLANG_WARN_OBJC_IMPLICIT_RETAIN_SELF = YES;
				CLANG_WARN_OBJC_LITERAL_CONVERSION = YES;
				CLANG_WARN_OBJC_ROOT_CLASS = YES_ERROR;
				CLANG_WARN_RANGE_LOOP_ANALYSIS = YES;
				CLANG_WARN_STRICT_PROTOTYPES = YES;
				CLANG_WARN_SUSPICIOUS_MOVE = YES;
				CLANG_WARN_UNGUARDED_AVAILABILITY = YES_AGGRESSIVE;
				CLANG_WARN_UNREACHABLE_CODE = YES;
				CLANG_WARN__DUPLICATE_METHOD_MATCH = YES;
				CODE_SIGN_IDENTITY = "iPhone Developer";
				COPY_PHASE_STRIP = NO;
				DEBUG_INFORMATION_FORMAT = "dwarf-with-dsym";
				ENABLE_NS_ASSERTIONS = NO;
				ENABLE_STRICT_OBJC_MSGSEND = YES;
				GCC_C_LANGUAGE_STANDARD = gnu11;
				GCC_NO_COMMON_BLOCKS = YES;
				GCC_WARN_64_TO_32_BIT_CONVERSION = YES;
				GCC_WARN_ABOUT_RETURN_TYPE = YES_ERROR;
				GCC_WARN_UNDECLARED_SELECTOR = YES;
				GCC_WARN_UNINITIALIZED_AUTOS = YES_AGGRESSIVE;
				GCC_WARN_UNUSED_FUNCTION = YES;
				GCC_WARN_UNUSED_VARIABLE = YES;
				IPHONEOS_DEPLOYMENT_TARGET = 12.2;
				MTL_ENABLE_DEBUG_INFO = NO;
				MTL_FAST_MATH = YES;
				SDKROOT = iphoneos;
				SWIFT_COMPILATION_MODE = wholemodule;
				SWIFT_OPTIMIZATION_LEVEL = "-O";
				VALIDATE_PRODUCT = YES;
			};
			name = Release;
		};
		960EAD29227150890093109D /* Debug */ = {
			isa = XCBuildConfiguration;
			baseConfigurationReference = 1DE6DE84509383CCB366B747 /* Pods-IngredientsToRecipe.debug.xcconfig */;
			buildSettings = {
				ASSETCATALOG_COMPILER_APPICON_NAME = AppIcon;
				CODE_SIGN_STYLE = Automatic;
				DEVELOPMENT_TEAM = 8ABKTPRP24;
				INFOPLIST_FILE = IngredientsToRecipe/Info.plist;
				LD_RUNPATH_SEARCH_PATHS = (
					"$(inherited)",
					"@executable_path/Frameworks",
				);
				PRODUCT_BUNDLE_IDENTIFIER = learncpp.IngredientsToRecipe;
				PRODUCT_NAME = "$(TARGET_NAME)";
				SWIFT_VERSION = 5.0;
				TARGETED_DEVICE_FAMILY = "1,2";
			};
			name = Debug;
		};
		960EAD2A227150890093109D /* Release */ = {
			isa = XCBuildConfiguration;
			baseConfigurationReference = 2664F380B2CDDE2F57B85344 /* Pods-IngredientsToRecipe.release.xcconfig */;
			buildSettings = {
				ASSETCATALOG_COMPILER_APPICON_NAME = AppIcon;
				CODE_SIGN_STYLE = Automatic;
				DEVELOPMENT_TEAM = 8ABKTPRP24;
				INFOPLIST_FILE = IngredientsToRecipe/Info.plist;
				LD_RUNPATH_SEARCH_PATHS = (
					"$(inherited)",
					"@executable_path/Frameworks",
				);
				PRODUCT_BUNDLE_IDENTIFIER = learncpp.IngredientsToRecipe;
				PRODUCT_NAME = "$(TARGET_NAME)";
				SWIFT_VERSION = 5.0;
				TARGETED_DEVICE_FAMILY = "1,2";
			};
			name = Release;
		};
/* End XCBuildConfiguration section */

/* Begin XCConfigurationList section */
		960EAD11227150870093109D /* Build configuration list for PBXProject "IngredientsToRecipe" */ = {
			isa = XCConfigurationList;
			buildConfigurations = (
				960EAD26227150890093109D /* Debug */,
				960EAD27227150890093109D /* Release */,
			);
			defaultConfigurationIsVisible = 0;
			defaultConfigurationName = Release;
		};
		960EAD28227150890093109D /* Build configuration list for PBXNativeTarget "IngredientsToRecipe" */ = {
			isa = XCConfigurationList;
			buildConfigurations = (
				960EAD29227150890093109D /* Debug */,
				960EAD2A227150890093109D /* Release */,
			);
			defaultConfigurationIsVisible = 0;
			defaultConfigurationName = Release;
		};
/* End XCConfigurationList section */
	};
	rootObject = 960EAD0E227150870093109D /* Project object */;
}
